{
  "version": 1,
  "dependencies": {
    "net10.0-windows7.0": {
      "Microsoft.NET.Test.Sdk": {
        "type": "Direct",
        "requested": "[17.14.1, )",
        "resolved": "17.14.1",
        "contentHash": "HJKqKOE+vshXra2aEHpi2TlxYX7Z9VFYkr+E5rwEvHC8eIXiyO+K9kNm8vmNom3e2rA56WqxU+/N9NJlLGXsJQ==",
        "dependencies": {
          "Microsoft.CodeCoverage": "17.14.1",
          "Microsoft.TestPlatform.TestHost": "17.14.1"
        }
      },
      "xunit": {
        "type": "Direct",
        "requested": "[2.9.3, )",
        "resolved": "2.9.3",
        "contentHash": "TlXQBinK35LpOPKHAqbLY4xlEen9TBafjs0V5KnA4wZsoQLQJiirCR4CbIXvOH8NzkW4YeJKP5P/Bnrodm0h9Q==",
        "dependencies": {
          "xunit.analyzers": "1.18.0",
          "xunit.assert": "2.9.3",
          "xunit.core": "[2.9.3]"
        }
      },
      "xunit.runner.visualstudio": {
        "type": "Direct",
        "requested": "[3.1.4, )",
        "resolved": "3.1.4",
        "contentHash": "5mj99LvCqrq3CNi06xYdyIAXOEh+5b33F2nErCzI5zWiDdLHXiPXEWFSUAF8zlIv0ZWqjZNCwHTQeAPYbF3pCg=="
      },
      "BlackSharp.Core": {
        "type": "Transitive",
        "resolved": "1.0.7",
        "contentHash": "LbEc4w0oZ7w4p6+8OjPZgwsJW470aQRuYZgZ9aMN2PW9R79pW3OnZQ32AVVx/21rstX9mKbXaOLWpSAxoANYxQ=="
      },
      "DiskInfoToolkit": {
        "type": "Transitive",
        "resolved": "1.1.2",
        "contentHash": "vN46svt1hQDkm269p6CzfwDpb/fbyp8oNQuePcvjNSryPLfsxIJZU8amEhir+x5bsKd0ymOXTySzPwFO8o0dpw==",
        "dependencies": {
          "BlackSharp.Core": "1.0.7"
        }
      },
      "HidSharp": {
        "type": "Transitive",
        "resolved": "2.6.4",
        "contentHash": "UcGvtnXFcatwHBXr+ei8GEXvg//wjGmDGQ6Xvb+7M4vHjURAhSLIJ+dSZv0BnAhQEpNlH8G4P7JxYnMH8Aph4g=="
      },
      "LibreHardwareMonitorLib": {
        "type": "Transitive",
        "resolved": "0.9.6",
        "contentHash": "W4hQ5Ja51/1cEDZnh9kG5UHFBwjjY2+oIpSUhSsgeYXKRKezrkw3sEFrhQkrOuo53xkXyfWV8ZErMqQuGqWIMQ==",
        "dependencies": {
          "DiskInfoToolkit": "1.1.2",
          "HidSharp": "2.6.4",
          "Mono.Posix.NETStandard": "1.0.0",
          "RAMSPDToolkit-NDD": "1.4.2",
          "System.IO.FileSystem.AccessControl": "5.0.0",
          "System.IO.Ports": "10.0.3",
          "System.Management": "10.0.2"
        }
      },
      "Microsoft.CodeCoverage": {
        "type": "Transitive",
        "resolved": "17.14.1",
        "contentHash": "pmTrhfFIoplzFVbhVwUquT+77CbGH+h4/3mBpdmIlYtBi9nAB+kKI6dN3A/nV4DFi3wLLx/BlHIPK+MkbQ6Tpg=="
      },
      "Microsoft.TestPlatform.ObjectModel": {
        "type": "Transitive",
        "resolved": "17.14.1",
        "contentHash": "xTP1W6Mi6SWmuxd3a+jj9G9UoC850WGwZUps1Wah9r1ZxgXhdJfj1QqDLJkFjHDCvN42qDL2Ps5KjQYWUU0zcQ=="
      },
      "Microsoft.TestPlatform.TestHost": {
        "type": "Transitive",
        "resolved": "17.14.1",
        "contentHash": "d78LPzGKkJwsJXAQwsbJJ7LE7D1wB+rAyhHHAaODF+RDSQ0NgMjDFkSA1Djw18VrxO76GlKAjRUhl+H8NL8Z+Q==",
        "dependencies": {
          "Microsoft.TestPlatform.ObjectModel": "17.14.1",
          "Newtonsoft.Json": "13.0.3"
        }
      },
      "Mono.Posix.NETStandard": {
        "type": "Transitive",
        "resolved": "1.0.0",
        "contentHash": "vSN/L1uaVwKsiLa95bYu2SGkF0iY3xMblTfxc8alSziPuVfJpj3geVqHGAA75J7cZkMuKpFVikz82Lo6y6LLdA=="
      },
      "Newtonsoft.Json": {
        "type": "Transitive",
        "resolved": "13.0.3",
        "contentHash": "HrC5BXdl00IP9zeV+0Z848QWPAoCr9P3bDEZguI+gkLcBKAOxix/tLEAAHC+UvDNPv4a2d18lOReHMOagPa+zQ=="
      },
      "RAMSPDToolkit-NDD": {
        "type": "Transitive",
        "resolved": "1.4.2",
        "contentHash": "pqIwn/HqXFnW4FVKybq6gZh3YK14OOLGWkgZzDdewjAInCOu86EO2L+FCQo8j1/v1sKwv+vgX5pnehxyrlJYJw==",
        "dependencies": {
          "BlackSharp.Core": "1.0.4",
          "System.Management": "10.0.0"
        }
      },
      "runtime.android-arm.runtime.native.System.IO.Ports": {
        "type": "Transitive",
        "resolved": "10.0.3",
        "contentHash": "6W4qZX0X7FF+PHM9Kaa5ZsTLcGJAzCU7FB4Tjy1vTg2rUIEjDqijWTtpz8vY6gBzZaG+tD0/EKUyGnfq6d/d/Q=="
      },
      "runtime.android-arm64.runtime.native.System.IO.Ports": {
        "type": "Transitive",
        "resolved": "10.0.3",
        "contentHash": "4OdNg2Du1kvm0b4tSErkA4wfH32YmgUqeSLzekk6NdCR61brCp4vttTJl0epZMwbRppXuy/jY7pV0WtP4ymnfQ=="
      },
      "runtime.android-x64.runtime.native.System.IO.Ports": {
        "type": "Transitive",
        "resolved": "10.0.3",
        "contentHash": "nP7xJSDSqRktV4kEd0kr4n0xhzJFuQjh7L/AgrKB3C4QK5TA/8NimJmTl1ogngvnXn2vilH2Hk+keBIvuoGWCA=="
      },
      "runtime.android-x86.runtime.native.System.IO.Ports": {
        "type": "Transitive",
        "resolved": "10.0.3",
        "contentHash": "f/neqijoVpgl/PcrXYeLNfCC2t74XYIcaHvtSaF3zaIdJ3hf5wrwRC9gzYLXHRLg/j4DRsCHEw8rlux/dNh7XA=="
      },
      "runtime.linux-arm.runtime.native.System.IO.Ports": {
        "type": "Transitive",
        "resolved": "10.0.3",
        "contentHash": "cwiQmy95Zd42K4kMzDt8GkXNKHWDkRZIIyb3MteRrgJKubH2DMA6VY3JiFeR+1hQ7i31Ck+dYyt8wUkElZ/NrQ=="
      },
      "runtime.linux-arm64.runtime.native.System.IO.Ports": {
        "type": "Transitive",
        "resolved": "10.0.3",
        "contentHash": "cEx+Xm0ZNPsuoYTFwXZ6qRstwXQ7vJjbb3jWzo5s5xIeEgpTDdfiUjTgK3Gl618mWgb7+Gn6Vt5pT07RxFC28Q=="
      },
      "runtime.linux-bionic-arm64.runtime.native.System.IO.Ports": {
        "type": "Transitive",
        "resolved": "10.0.3",
        "contentHash": "kB21sNzlKgTj3V/LZhnTLFuViiGKtkiUG2GdEW+z3jdeUtRoxqBBXryzMqy0oUOy5idBW2pA6bh+iLGaj+GThA=="
      },
      "runtime.linux-bionic-x64.runtime.native.System.IO.Ports": {
        "type": "Transitive",
        "resolved": "10.0.3",
        "contentHash": "/Ud7EYdpnBGJ/x7DdqVFEJOQtEcf9rsD6/1iyUBJNfhhs8JljZLewJHp1cXr1DVCaWWc9jSWIc4g+QpMct/22A=="
      },
      "runtime.linux-musl-arm.runtime.native.System.IO.Ports": {
        "type": "Transitive",
        "resolved": "10.0.3",
        "contentHash": "pBubukkmXD9e4Ju004bEHL3TE5mYahONCVwrJ5b+7/cj8smSY2H5sKTyURiVF1EfX55yORKyTyQ3dALA5yTTlg=="
      },
      "runtime.linux-musl-arm64.runtime.native.System.IO.Ports": {
        "type": "Transitive",
        "resolved": "10.0.3",
        "contentHash": "+FR6SvpZya66Wv26MVEK4l2gnjfZnBVUz675eaTcMQ/KWAy+GMaPyhRaBIMnQJf5gfuu3x1qgeAzpmeFkOPGBw=="
      },
      "runtime.linux-musl-x64.runtime.native.System.IO.Ports": {
        "type": "Transitive",
        "resolved": "10.0.3",
        "contentHash": "Ee1XnOSKgeJGBcnd7LLLkyXEbE/JcpQ3pUlbPXqugl0YD55jVubpYebzGYI+ilrnBLCRiV0BR822b2XmerIKGw=="
      },
      "runtime.linux-x64.runtime.native.System.IO.Ports": {
        "type": "Transitive",
        "resolved": "10.0.3",
        "contentHash": "U+Zr1KuBDIIwgR2gTMFbBAtkr4WnKdEXxmknPa3X8Qy6oCi4+MTRmq2zmTh7wxXQXTdmhfXg2tyy7DuVHtB+xQ=="
      },
      "runtime.maccatalyst-arm64.runtime.native.System.IO.Ports": {
        "type": "Transitive",
        "resolved": "10.0.3",
        "contentHash": "9yTgh3ZKCBTGEO4YS76g/K15s2qSdeEZDqWteixUPeRsETsuBUwUPF39Fk39OPlRgwhqEuhtHy1Hf6BSOETfAg=="
      },
      "runtime.maccatalyst-x64.runtime.native.System.IO.Ports": {
        "type": "Transitive",
        "resolved": "10.0.3",
        "contentHash": "0gxqUZYQ1T1o5VzgyEMKiSPKJtPbleF2nbjZa5QKZQvPgSlrZFL+FrW4LywIk2scOpXu+Vd5Mv8AGGV7slhYWA=="
      },
      "runtime.native.System.IO.Ports": {
        "type": "Transitive",
        "resolved": "10.0.3",
        "contentHash": "7U3HW0JzAeg9PWaYBcyWLFMq2RSexgJ8uVCR3E2QVJJ/IZnRT0wYRhyEx3zBSbKYzN3KE6MDiRd6CN4hR7YkqA==",
        "dependencies": {
          "runtime.android-arm.runtime.native.System.IO.Ports": "10.0.3",
          "runtime.android-arm64.runtime.native.System.IO.Ports": "10.0.3",
          "runtime.android-x64.runtime.native.System.IO.Ports": "10.0.3",
          "runtime.android-x86.runtime.native.System.IO.Ports": "10.0.3",
          "runtime.linux-arm.runtime.native.System.IO.Ports": "10.0.3",
          "runtime.linux-arm64.runtime.native.System.IO.Ports": "10.0.3",
          "runtime.linux-bionic-arm64.runtime.native.System.IO.Ports": "10.0.3",
          "runtime.linux-bionic-x64.runtime.native.System.IO.Ports": "10.0.3",
          "runtime.linux-musl-arm.runtime.native.System.IO.Ports": "10.0.3",
          "runtime.linux-musl-arm64.runtime.native.System.IO.Ports": "10.0.3",
          "runtime.linux-musl-x64.runtime.native.System.IO.Ports": "10.0.3",
          "runtime.linux-x64.runtime.native.System.IO.Ports": "10.0.3",
          "runtime.maccatalyst-arm64.runtime.native.System.IO.Ports": "10.0.3",
          "runtime.maccatalyst-x64.runtime.native.System.IO.Ports": "10.0.3",
          "runtime.osx-arm64.runtime.native.System.IO.Ports": "10.0.3",
          "runtime.osx-x64.runtime.native.System.IO.Ports": "10.0.3"
        }
      },
      "runtime.osx-arm64.runtime.native.System.IO.Ports": {
        "type": "Transitive",
        "resolved": "10.0.3",
        "contentHash": "qnEjXlIazxaRAhBet0EupWoJQ9PKsXjThpMKGP/ZsCjZgHEb+zs9wft82wY27OagyPOCg9D4hJHWKt5LTbJNZg=="
      },
      "runtime.osx-x64.runtime.native.System.IO.Ports": {
        "type": "Transitive",
        "resolved": "10.0.3",
        "contentHash": "L1gcOL5kcfeeujKQbqJmpeTLsT0c6DeaJ9w6PY9oZ+/WESyya+Zj7StKguXR5j93o3o86FjcN05yufpoCz7R2g=="
      },
      "System.CodeDom": {
        "type": "Transitive",
        "resolved": "10.0.12",
        "contentHash": "Kk3yEavoGHXCAFTLLegxztgSdj24JrkAHelwgWnu+YMFxezcU2DbABEOOIMdy04PExUtKQtlazaKqo0qSa1X6A=="
      },
      "System.IO.FileSystem.AccessControl": {
        "type": "Transitive",
        "resolved": "5.0.0",
        "contentHash": "SxHB3nuNrpptVk+vZ/F+7OHEpoHUIKKMl02bUmYHQr1r+glbZQxs7pRtsf4ENO29TVm2TH3AEeep2fJcy92oYw=="
      },
      "System.IO.Ports": {
        "type": "Transitive",
        "resolved": "10.0.3",
        "contentHash": "Zs04mZ/dQtaFQ+hpQNDtijBs+6aM9j2fQPp8zNZTfh8DboVNNv7Sw6gH00hT+PVcAhEozlfT+n59Svm6Ug8ROA==",
        "dependencies": {
          "runtime.native.System.IO.Ports": "10.0.3"
        }
      },
      "System.Management": {
        "type": "Transitive",
        "resolved": "10.0.12",
        "contentHash": "ApUsYmsNG8aPiMxsO6ROGZnqJwSZY8zeMlAQcuQg+ilPFUcIyBUC0BL8qA6wmPLNVsvL4nyhUrhhxh6qn0cx0Q==",
        "dependencies": {
          "System.CodeDom": "10.0.12"
        }
      },
      "xunit.abstractions": {
        "type": "Transitive",
        "resolved": "2.0.3",
        "contentHash": "pot1I4YOxlWjIb5jmwvvQNbTrZ3lJQ+jUGkGjWE3hEFM0l5gOnBWS+H3qsex68s5cO52g+44vpGzhAt+42vwKg=="
      },
      "xunit.analyzers": {
        "type": "Transitive",
        "resolved": "1.18.0",
        "contentHash": "OtFMHN8yqIcYP9wcVIgJrq01AfTxijjAqVDy/WeQVSyrDC1RzBWeQPztL49DN2syXRah8TYnfvk035s7L95EZQ=="
      },
      "xunit.assert": {
        "type": "Transitive",
        "resolved": "2.9.3",
        "contentHash": "/Kq28fCE7MjOV42YLVRAJzRF0WmEqsmflm0cfpMjGtzQ2lR5mYVj1/i0Y8uDAOLczkL3/jArrwehfMD0YogMAA=="
      },
      "xunit.core": {
        "type": "Transitive",
        "resolved": "2.9.3",
        "contentHash": "BiAEvqGvyme19wE0wTKdADH+NloYqikiU0mcnmiNyXaF9HyHmE6sr/3DC5vnBkgsWaE6yPyWszKSPSApWdRVeQ==",
        "dependencies": {
          "xunit.extensibility.core": "[2.9.3]",
          "xunit.extensibility.execution": "[2.9.3]"
        }
      },
      "xunit.extensibility.core": {
        "type": "Transitive",
        "resolved": "2.9.3",
        "contentHash": "kf3si0YTn2a8J8eZNb+zFpwfoyvIrQ7ivNk5ZYA5yuYk1bEtMe4DxJ2CF/qsRgmEnDr7MnW1mxylBaHTZ4qErA==",
        "dependencies": {
          "xunit.abstractions": "2.0.3"
        }
      },
      "xunit.extensibility.execution": {
        "type": "Transitive",
        "resolved": "2.9.3",
        "contentHash": "yMb6vMESlSrE3Wfj7V6cjQ3S4TXdXpRqYeNEI3zsX31uTsGMJjEw6oD5F5u1cHnMptjhEECnmZSsPxB6ChZHDQ==",
        "dependencies": {
          "xunit.extensibility.core": "[2.9.3]"
        }
      },
      "optimizer.core": {
        "type": "Project",
        "dependencies": {
          "LibreHardwareMonitorLib": "[0.9.6, )",
          "System.Management": "[10.0.12, )"
        }
      }
    }
  }
}